
Microsoft Visual Studio Solution File, Format Version 12.00
# Visual Studio Version 17
VisualStudioVersion = 17.11.35219.272
MinimumVisualStudioVersion = 10.0.40219.1
Project("{FAE04EC0-301F-11D3-BF4B-00C04F79EFBC}") = "CarProjectApp", "CarProjectApp\CarProjectApp.csproj", "{F92E2F29-38A5-4AC4-A6F6-4278B63BA51C}"
EndProject
Global
	GlobalSection(SolutionConfigurationPlatforms) = preSolution
		Debug|Any CPU = Debug|Any CPU
		Release|Any CPU = Release|Any CPU
	EndGlobalSection
	GlobalSection(ProjectConfigurationPlatforms) = postSolution
		{F92E2F29-38A5-4AC4-A6F6-4278B63BA51C}.Debug|Any CPU.ActiveCfg = Debug|Any CPU
		{F92E2F29-38A5-4AC4-A6F6-4278B63BA51C}.Debug|Any CPU.Build.0 = Debug|Any CPU
		{F92E2F29-38A5-4AC4-A6F6-4278B63BA51C}.Release|Any CPU.ActiveCfg = Release|Any CPU
		{F92E2F29-38A5-4AC4-A6F6-4278B63BA51C}.Release|Any CPU.Build.0 = Release|Any CPU
	EndGlobalSection
	GlobalSection(SolutionProperties) = preSolution
		HideSolutionNode = FALSE
	EndGlobalSection
	GlobalSection(ExtensibilityGlobals) = postSolution
		SolutionGuid = {B5118053-7164-4357-8F45-4343C572E147}
	EndGlobalSection
EndGlobal
